
Microsoft Visual Studio Solution File, Format Version 12.00
# Visual Studio 15
VisualStudioVersion = 15.0.28307.757
MinimumVisualStudioVersion = 10.0.40219.1
Project("{888888A0-9F3D-457C-B088-3A5042F75D52}") = "Filtering Image", "Filtering Image\Filtering Image.pyproj", "{DBAC7F2D-AF1E-4AD5-9564-E44F471E15F7}"
EndProject
Global
	GlobalSection(SolutionConfigurationPlatforms) = preSolution
		Debug|Any CPU = Debug|Any CPU
		Release|Any CPU = Release|Any CPU
	EndGlobalSection
	GlobalSection(ProjectConfigurationPlatforms) = postSolution
		{DBAC7F2D-AF1E-4AD5-9564-E44F471E15F7}.Debug|Any CPU.ActiveCfg = Debug|Any CPU
		{DBAC7F2D-AF1E-4AD5-9564-E44F471E15F7}.Release|Any CPU.ActiveCfg = Release|Any CPU
	EndGlobalSection
	GlobalSection(SolutionProperties) = preSolution
		HideSolutionNode = FALSE
	EndGlobalSection
	GlobalSection(ExtensibilityGlobals) = postSolution
		SolutionGuid = {DD6E4E0F-1D88-402D-A3D3-41B801191ED0}
	EndGlobalSection
EndGlobal
